
Microsoft Visual Studio Solution File, Format Version 12.00
Project("{FAE04EC0-301F-11D3-BF4B-00C04F79EFBC}") = "Lab4", "Lab4\Lab4.csproj", "{BDD0E422-BCAF-4C89-A2EC-2DD1095847D4}"
EndProject
Project("{FAE04EC0-301F-11D3-BF4B-00C04F79EFBC}") = "IndexersDemo", "IndexersDemo\IndexersDemo.csproj", "{77674615-0F9C-44A6-A2FA-786D83AA3596}"
EndProject
Project("{FAE04EC0-301F-11D3-BF4B-00C04F79EFBC}") = "Part4", "Part4\Part4.csproj", "{FCFC9E7A-50BC-4106-ACA2-76A947E661CA}"
EndProject
Global
	GlobalSection(SolutionConfigurationPlatforms) = preSolution
		Debug|Any CPU = Debug|Any CPU
		Release|Any CPU = Release|Any CPU
	EndGlobalSection
	GlobalSection(ProjectConfigurationPlatforms) = postSolution
		{BDD0E422-BCAF-4C89-A2EC-2DD1095847D4}.Debug|Any CPU.ActiveCfg = Debug|Any CPU
		{BDD0E422-BCAF-4C89-A2EC-2DD1095847D4}.Debug|Any CPU.Build.0 = Debug|Any CPU
		{BDD0E422-BCAF-4C89-A2EC-2DD1095847D4}.Release|Any CPU.ActiveCfg = Release|Any CPU
		{BDD0E422-BCAF-4C89-A2EC-2DD1095847D4}.Release|Any CPU.Build.0 = Release|Any CPU
		{77674615-0F9C-44A6-A2FA-786D83AA3596}.Debug|Any CPU.ActiveCfg = Debug|Any CPU
		{77674615-0F9C-44A6-A2FA-786D83AA3596}.Debug|Any CPU.Build.0 = Debug|Any CPU
		{77674615-0F9C-44A6-A2FA-786D83AA3596}.Release|Any CPU.ActiveCfg = Release|Any CPU
		{77674615-0F9C-44A6-A2FA-786D83AA3596}.Release|Any CPU.Build.0 = Release|Any CPU
		{FCFC9E7A-50BC-4106-ACA2-76A947E661CA}.Debug|Any CPU.ActiveCfg = Debug|Any CPU
		{FCFC9E7A-50BC-4106-ACA2-76A947E661CA}.Debug|Any CPU.Build.0 = Debug|Any CPU
		{FCFC9E7A-50BC-4106-ACA2-76A947E661CA}.Release|Any CPU.ActiveCfg = Release|Any CPU
		{FCFC9E7A-50BC-4106-ACA2-76A947E661CA}.Release|Any CPU.Build.0 = Release|Any CPU
	EndGlobalSection
EndGlobal
